
Microsoft Visual Studio Solution File, Format Version 12.00
# Visual Studio 15
VisualStudioVersion = 15.0.25914.0
MinimumVisualStudioVersion = 10.0.40219.1
Project("{2150E333-8FDC-42A3-9474-1A3956D46DE8}") = "src", "src", "{A89BCA17-E35D-4954-A7DA-5883134AC0DA}"
EndProject
Project("{2150E333-8FDC-42A3-9474-1A3956D46DE8}") = "Solution Items", "Solution Items", "{9CE720D7-EADE-46AB-BBB9-85CC3B1DE85A}"
	ProjectSection(SolutionItems) = preProject
		global.json = global.json
	EndProjectSection
EndProject
Project("{9A19103F-16F7-4668-BE54-9A1E7A4F7556}") = "Discord.Addons.Paginator", "src\Discord.Addons.Paginator\Discord.Addons.Paginator.csproj", "{19842009-5D9C-453C-92C1-A840FB665ECD}"
EndProject
Project("{9A19103F-16F7-4668-BE54-9A1E7A4F7556}") = "Example", "src\Example\Example.csproj", "{BEBE2B8D-5BE3-4D54-AA21-37A752F960A2}"
EndProject
Global
	GlobalSection(SolutionConfigurationPlatforms) = preSolution
		Debug|Any CPU = Debug|Any CPU
		Release|Any CPU = Release|Any CPU
	EndGlobalSection
	GlobalSection(ProjectConfigurationPlatforms) = postSolution
		{19842009-5D9C-453C-92C1-A840FB665ECD}.Debug|Any CPU.ActiveCfg = Debug|Any CPU
		{19842009-5D9C-453C-92C1-A840FB665ECD}.Debug|Any CPU.Build.0 = Debug|Any CPU
		{19842009-5D9C-453C-92C1-A840FB665ECD}.Release|Any CPU.ActiveCfg = Debug|Any CPU
		{19842009-5D9C-453C-92C1-A840FB665ECD}.Release|Any CPU.Build.0 = Debug|Any CPU
		{BEBE2B8D-5BE3-4D54-AA21-37A752F960A2}.Debug|Any CPU.ActiveCfg = Debug|Any CPU
		{BEBE2B8D-5BE3-4D54-AA21-37A752F960A2}.Debug|Any CPU.Build.0 = Debug|Any CPU
		{BEBE2B8D-5BE3-4D54-AA21-37A752F960A2}.Release|Any CPU.ActiveCfg = Release|Any CPU
		{BEBE2B8D-5BE3-4D54-AA21-37A752F960A2}.Release|Any CPU.Build.0 = Release|Any CPU
	EndGlobalSection
	GlobalSection(SolutionProperties) = preSolution
		HideSolutionNode = FALSE
	EndGlobalSection
	GlobalSection(NestedProjects) = preSolution
		{19842009-5D9C-453C-92C1-A840FB665ECD} = {A89BCA17-E35D-4954-A7DA-5883134AC0DA}
	EndGlobalSection
EndGlobal
